{
  "name": "ulkajs.github.io",
  "version": "1.0.0",
  "lockfileVersion": 2,
  "requires": true,
  "packages": {
    "": {
      "name": "ulkajs.github.io",
      "version": "1.0.0",
      "license": "MIT",
      "dependencies": {
        "ulka": "^1.0.0"
      }
    },
    "node_modules/fsevents": {
      "version": "2.3.2",
      "resolved": "http://localhost:4873/fsevents/-/fsevents-2.3.2.tgz",
      "integrity": "sha512-xiqMQR4xAeHTuB9uWm+fFRcIOgKBMiOBP+eXiyT7jsgVCq1bkVygt00oASowB7EdtpOHaaPgKt812P9ab+DDKA==",
      "hasInstallScript": true,
      "license": "MIT",
      "optional": true,
      "os": [
        "darwin"
      ],
      "engines": {
        "node": "^8.16.0 || ^10.6.0 || >=11.0.0"
      }
    },
    "node_modules/ulka": {
      "version": "1.0.0",
      "resolved": "http://localhost:4873/ulka/-/ulka-1.0.0.tgz",
      "integrity": "sha512-5JJ804XCGJkrI3+Ozy5C9Mp6eGNoIJbBoqhVEqzB+qNjoudiobRWtzZg9rlc567XiJMlTpwsHSwnCQoXmypfjA==",
      "license": "MIT",
      "bin": {
        "ulka": "bin/ulka.js"
      },
      "optionalDependencies": {
        "fsevents": "~2.3.1"
      }
    }
  },
  "dependencies": {
    "fsevents": {
      "version": "2.3.2",
      "resolved": "http://localhost:4873/fsevents/-/fsevents-2.3.2.tgz",
      "integrity": "sha512-xiqMQR4xAeHTuB9uWm+fFRcIOgKBMiOBP+eXiyT7jsgVCq1bkVygt00oASowB7EdtpOHaaPgKt812P9ab+DDKA==",
      "optional": true
    },
    "ulka": {
      "version": "1.0.0",
      "resolved": "http://localhost:4873/ulka/-/ulka-1.0.0.tgz",
      "integrity": "sha512-5JJ804XCGJkrI3+Ozy5C9Mp6eGNoIJbBoqhVEqzB+qNjoudiobRWtzZg9rlc567XiJMlTpwsHSwnCQoXmypfjA==",
      "requires": {
        "fsevents": "~2.3.1"
      }
    }
  }
}
